
Microsoft Visual Studio Solution File, Format Version 12.00
# Visual Studio Version 16
VisualStudioVersion = 16.0.31025.194
MinimumVisualStudioVersion = 10.0.40219.1
Project("{8BC9CEB8-8B4A-11D0-8D11-00A0C91BC942}") = "4장", "test\test.vcxproj", "{4D0BEECF-856F-4A0A-ACA0-A956DF4812BA}"
EndProject
Project("{8BC9CEB8-8B4A-11D0-8D11-00A0C91BC942}") = "5장", "5장\5장.vcxproj", "{39E5430F-2619-4C11-A4E8-7EC633339252}"
EndProject
Project("{8BC9CEB8-8B4A-11D0-8D11-00A0C91BC942}") = "6장", "6장\6장.vcxproj", "{30F251C5-9120-4802-87F4-F18900D68A25}"
EndProject
Project("{8BC9CEB8-8B4A-11D0-8D11-00A0C91BC942}") = "7장", "7장\7장.vcxproj", "{764459BB-ABD4-4855-9A76-2BF6EE8886FE}"
EndProject
Project("{8BC9CEB8-8B4A-11D0-8D11-00A0C91BC942}") = "calculator", "calculator\calculator.vcxproj", "{2169BC61-179E-47F0-B76F-3A3B4F5EF355}"
EndProject
Project("{8BC9CEB8-8B4A-11D0-8D11-00A0C91BC942}") = "8장", "8장\8장.vcxproj", "{D86B40C6-2DE7-4AB6-BC3F-6FC82D3A2C10}"
EndProject
Project("{8BC9CEB8-8B4A-11D0-8D11-00A0C91BC942}") = "9장", "9장\9장.vcxproj", "{85C19D27-3F1C-4916-A6EE-4326A2FF2A7F}"
EndProject
Project("{8BC9CEB8-8B4A-11D0-8D11-00A0C91BC942}") = "10장", "10장\10장.vcxproj", "{360C6B19-C4EB-4B7D-8C9A-AA7FD68A58C8}"
EndProject
Project("{8BC9CEB8-8B4A-11D0-8D11-00A0C91BC942}") = "11장", "11장\11장.vcxproj", "{72D2C0B1-209E-4637-AF5C-42420E4FAF7A}"
EndProject
Project("{8BC9CEB8-8B4A-11D0-8D11-00A0C91BC942}") = "12장", "12장\12장.vcxproj", "{E65321CD-CC86-4016-9E09-4843ADD540FD}"
EndProject
Project("{8BC9CEB8-8B4A-11D0-8D11-00A0C91BC942}") = "13장", "13장\13장.vcxproj", "{6A7744BB-AE6E-4503-AEFC-A9FACAADCAA1}"
EndProject
Project("{8BC9CEB8-8B4A-11D0-8D11-00A0C91BC942}") = "14장", "14장\14장.vcxproj", "{532B6C26-2471-427B-8D90-36902AB971A7}"
EndProject
Project("{8BC9CEB8-8B4A-11D0-8D11-00A0C91BC942}") = "15장", "15장\15장.vcxproj", "{0E91DAE3-00BF-4FF7-831C-8E0E15C91F84}"
EndProject
Project("{8BC9CEB8-8B4A-11D0-8D11-00A0C91BC942}") = "16장", "16장\16장.vcxproj", "{91667C3C-2396-42B6-827E-7E172A8C06A7}"
EndProject
Project("{8BC9CEB8-8B4A-11D0-8D11-00A0C91BC942}") = "17장", "17장\17장.vcxproj", "{49A59BC6-EC1A-4E03-AF8D-A8E58F8FBE0A}"
EndProject
Global
	GlobalSection(SolutionConfigurationPlatforms) = preSolution
		Debug|x64 = Debug|x64
		Debug|x86 = Debug|x86
		Release|x64 = Release|x64
		Release|x86 = Release|x86
	EndGlobalSection
	GlobalSection(ProjectConfigurationPlatforms) = postSolution
		{4D0BEECF-856F-4A0A-ACA0-A956DF4812BA}.Debug|x64.ActiveCfg = Debug|x64
		{4D0BEECF-856F-4A0A-ACA0-A956DF4812BA}.Debug|x64.Build.0 = Debug|x64
		{4D0BEECF-856F-4A0A-ACA0-A956DF4812BA}.Debug|x86.ActiveCfg = Debug|Win32
		{4D0BEECF-856F-4A0A-ACA0-A956DF4812BA}.Debug|x86.Build.0 = Debug|Win32
		{4D0BEECF-856F-4A0A-ACA0-A956DF4812BA}.Release|x64.ActiveCfg = Release|x64
		{4D0BEECF-856F-4A0A-ACA0-A956DF4812BA}.Release|x64.Build.0 = Release|x64
		{4D0BEECF-856F-4A0A-ACA0-A956DF4812BA}.Release|x86.ActiveCfg = Release|Win32
		{4D0BEECF-856F-4A0A-ACA0-A956DF4812BA}.Release|x86.Build.0 = Release|Win32
		{39E5430F-2619-4C11-A4E8-7EC633339252}.Debug|x64.ActiveCfg = Debug|x64
		{39E5430F-2619-4C11-A4E8-7EC633339252}.Debug|x64.Build.0 = Debug|x64
		{39E5430F-2619-4C11-A4E8-7EC633339252}.Debug|x86.ActiveCfg = Debug|Win32
		{39E5430F-2619-4C11-A4E8-7EC633339252}.Debug|x86.Build.0 = Debug|Win32
		{39E5430F-2619-4C11-A4E8-7EC633339252}.Release|x64.ActiveCfg = Release|x64
		{39E5430F-2619-4C11-A4E8-7EC633339252}.Release|x64.Build.0 = Release|x64
		{39E5430F-2619-4C11-A4E8-7EC633339252}.Release|x86.ActiveCfg = Release|Win32
		{39E5430F-2619-4C11-A4E8-7EC633339252}.Release|x86.Build.0 = Release|Win32
		{30F251C5-9120-4802-87F4-F18900D68A25}.Debug|x64.ActiveCfg = Debug|x64
		{30F251C5-9120-4802-87F4-F18900D68A25}.Debug|x64.Build.0 = Debug|x64
		{30F251C5-9120-4802-87F4-F18900D68A25}.Debug|x86.ActiveCfg = Debug|Win32
		{30F251C5-9120-4802-87F4-F18900D68A25}.Debug|x86.Build.0 = Debug|Win32
		{30F251C5-9120-4802-87F4-F18900D68A25}.Release|x64.ActiveCfg = Release|x64
		{30F251C5-9120-4802-87F4-F18900D68A25}.Release|x64.Build.0 = Release|x64
		{30F251C5-9120-4802-87F4-F18900D68A25}.Release|x86.ActiveCfg = Release|Win32
		{30F251C5-9120-4802-87F4-F18900D68A25}.Release|x86.Build.0 = Release|Win32
		{764459BB-ABD4-4855-9A76-2BF6EE8886FE}.Debug|x64.ActiveCfg = Debug|x64
		{764459BB-ABD4-4855-9A76-2BF6EE8886FE}.Debug|x64.Build.0 = Debug|x64
		{764459BB-ABD4-4855-9A76-2BF6EE8886FE}.Debug|x86.ActiveCfg = Debug|Win32
		{764459BB-ABD4-4855-9A76-2BF6EE8886FE}.Debug|x86.Build.0 = Debug|Win32
		{764459BB-ABD4-4855-9A76-2BF6EE8886FE}.Release|x64.ActiveCfg = Release|x64
		{764459BB-ABD4-4855-9A76-2BF6EE8886FE}.Release|x64.Build.0 = Release|x64
		{764459BB-ABD4-4855-9A76-2BF6EE8886FE}.Release|x86.ActiveCfg = Release|Win32
		{764459BB-ABD4-4855-9A76-2BF6EE8886FE}.Release|x86.Build.0 = Release|Win32
		{2169BC61-179E-47F0-B76F-3A3B4F5EF355}.Debug|x64.ActiveCfg = Debug|x64
		{2169BC61-179E-47F0-B76F-3A3B4F5EF355}.Debug|x64.Build.0 = Debug|x64
		{2169BC61-179E-47F0-B76F-3A3B4F5EF355}.Debug|x86.ActiveCfg = Debug|Win32
		{2169BC61-179E-47F0-B76F-3A3B4F5EF355}.Debug|x86.Build.0 = Debug|Win32
		{2169BC61-179E-47F0-B76F-3A3B4F5EF355}.Release|x64.ActiveCfg = Release|x64
		{2169BC61-179E-47F0-B76F-3A3B4F5EF355}.Release|x64.Build.0 = Release|x64
		{2169BC61-179E-47F0-B76F-3A3B4F5EF355}.Release|x86.ActiveCfg = Release|Win32
		{2169BC61-179E-47F0-B76F-3A3B4F5EF355}.Release|x86.Build.0 = Release|Win32
		{D86B40C6-2DE7-4AB6-BC3F-6FC82D3A2C10}.Debug|x64.ActiveCfg = Debug|x64
		{D86B40C6-2DE7-4AB6-BC3F-6FC82D3A2C10}.Debug|x64.Build.0 = Debug|x64
		{D86B40C6-2DE7-4AB6-BC3F-6FC82D3A2C10}.Debug|x86.ActiveCfg = Debug|Win32
		{D86B40C6-2DE7-4AB6-BC3F-6FC82D3A2C10}.Debug|x86.Build.0 = Debug|Win32
		{D86B40C6-2DE7-4AB6-BC3F-6FC82D3A2C10}.Release|x64.ActiveCfg = Release|x64
		{D86B40C6-2DE7-4AB6-BC3F-6FC82D3A2C10}.Release|x64.Build.0 = Release|x64
		{D86B40C6-2DE7-4AB6-BC3F-6FC82D3A2C10}.Release|x86.ActiveCfg = Release|Win32
		{D86B40C6-2DE7-4AB6-BC3F-6FC82D3A2C10}.Release|x86.Build.0 = Release|Win32
		{85C19D27-3F1C-4916-A6EE-4326A2FF2A7F}.Debug|x64.ActiveCfg = Debug|x64
		{85C19D27-3F1C-4916-A6EE-4326A2FF2A7F}.Debug|x64.Build.0 = Debug|x64
		{85C19D27-3F1C-4916-A6EE-4326A2FF2A7F}.Debug|x86.ActiveCfg = Debug|Win32
		{85C19D27-3F1C-4916-A6EE-4326A2FF2A7F}.Debug|x86.Build.0 = Debug|Win32
		{85C19D27-3F1C-4916-A6EE-4326A2FF2A7F}.Release|x64.ActiveCfg = Release|x64
		{85C19D27-3F1C-4916-A6EE-4326A2FF2A7F}.Release|x64.Build.0 = Release|x64
		{85C19D27-3F1C-4916-A6EE-4326A2FF2A7F}.Release|x86.ActiveCfg = Release|Win32
		{85C19D27-3F1C-4916-A6EE-4326A2FF2A7F}.Release|x86.Build.0 = Release|Win32
		{360C6B19-C4EB-4B7D-8C9A-AA7FD68A58C8}.Debug|x64.ActiveCfg = Debug|x64
		{360C6B19-C4EB-4B7D-8C9A-AA7FD68A58C8}.Debug|x64.Build.0 = Debug|x64
		{360C6B19-C4EB-4B7D-8C9A-AA7FD68A58C8}.Debug|x86.ActiveCfg = Debug|Win32
		{360C6B19-C4EB-4B7D-8C9A-AA7FD68A58C8}.Debug|x86.Build.0 = Debug|Win32
		{360C6B19-C4EB-4B7D-8C9A-AA7FD68A58C8}.Release|x64.ActiveCfg = Release|x64
		{360C6B19-C4EB-4B7D-8C9A-AA7FD68A58C8}.Release|x64.Build.0 = Release|x64
		{360C6B19-C4EB-4B7D-8C9A-AA7FD68A58C8}.Release|x86.ActiveCfg = Release|Win32
		{360C6B19-C4EB-4B7D-8C9A-AA7FD68A58C8}.Release|x86.Build.0 = Release|Win32
		{72D2C0B1-209E-4637-AF5C-42420E4FAF7A}.Debug|x64.ActiveCfg = Debug|x64
		{72D2C0B1-209E-4637-AF5C-42420E4FAF7A}.Debug|x64.Build.0 = Debug|x64
		{72D2C0B1-209E-4637-AF5C-42420E4FAF7A}.Debug|x86.ActiveCfg = Debug|Win32
		{72D2C0B1-209E-4637-AF5C-42420E4FAF7A}.Debug|x86.Build.0 = Debug|Win32
		{72D2C0B1-209E-4637-AF5C-42420E4FAF7A}.Release|x64.ActiveCfg = Release|x64
		{72D2C0B1-209E-4637-AF5C-42420E4FAF7A}.Release|x64.Build.0 = Release|x64
		{72D2C0B1-209E-4637-AF5C-42420E4FAF7A}.Release|x86.ActiveCfg = Release|Win32
		{72D2C0B1-209E-4637-AF5C-42420E4FAF7A}.Release|x86.Build.0 = Release|Win32
		{E65321CD-CC86-4016-9E09-4843ADD540FD}.Debug|x64.ActiveCfg = Debug|x64
		{E65321CD-CC86-4016-9E09-4843ADD540FD}.Debug|x64.Build.0 = Debug|x64
		{E65321CD-CC86-4016-9E09-4843ADD540FD}.Debug|x86.ActiveCfg = Debug|Win32
		{E65321CD-CC86-4016-9E09-4843ADD540FD}.Debug|x86.Build.0 = Debug|Win32
		{E65321CD-CC86-4016-9E09-4843ADD540FD}.Release|x64.ActiveCfg = Release|x64
		{E65321CD-CC86-4016-9E09-4843ADD540FD}.Release|x64.Build.0 = Release|x64
		{E65321CD-CC86-4016-9E09-4843ADD540FD}.Release|x86.ActiveCfg = Release|Win32
		{E65321CD-CC86-4016-9E09-4843ADD540FD}.Release|x86.Build.0 = Release|Win32
		{6A7744BB-AE6E-4503-AEFC-A9FACAADCAA1}.Debug|x64.ActiveCfg = Debug|x64
		{6A7744BB-AE6E-4503-AEFC-A9FACAADCAA1}.Debug|x64.Build.0 = Debug|x64
		{6A7744BB-AE6E-4503-AEFC-A9FACAADCAA1}.Debug|x86.ActiveCfg = Debug|Win32
		{6A7744BB-AE6E-4503-AEFC-A9FACAADCAA1}.Debug|x86.Build.0 = Debug|Win32
		{6A7744BB-AE6E-4503-AEFC-A9FACAADCAA1}.Release|x64.ActiveCfg = Release|x64
		{6A7744BB-AE6E-4503-AEFC-A9FACAADCAA1}.Release|x64.Build.0 = Release|x64
		{6A7744BB-AE6E-4503-AEFC-A9FACAADCAA1}.Release|x86.ActiveCfg = Release|Win32
		{6A7744BB-AE6E-4503-AEFC-A9FACAADCAA1}.Release|x86.Build.0 = Release|Win32
		{532B6C26-2471-427B-8D90-36902AB971A7}.Debug|x64.ActiveCfg = Debug|x64
		{532B6C26-2471-427B-8D90-36902AB971A7}.Debug|x64.Build.0 = Debug|x64
		{532B6C26-2471-427B-8D90-36902AB971A7}.Debug|x86.ActiveCfg = Debug|Win32
		{532B6C26-2471-427B-8D90-36902AB971A7}.Debug|x86.Build.0 = Debug|Win32
		{532B6C26-2471-427B-8D90-36902AB971A7}.Release|x64.ActiveCfg = Release|x64
		{532B6C26-2471-427B-8D90-36902AB971A7}.Release|x64.Build.0 = Release|x64
		{532B6C26-2471-427B-8D90-36902AB971A7}.Release|x86.ActiveCfg = Release|Win32
		{532B6C26-2471-427B-8D90-36902AB971A7}.Release|x86.Build.0 = Release|Win32
		{0E91DAE3-00BF-4FF7-831C-8E0E15C91F84}.Debug|x64.ActiveCfg = Debug|x64
		{0E91DAE3-00BF-4FF7-831C-8E0E15C91F84}.Debug|x64.Build.0 = Debug|x64
		{0E91DAE3-00BF-4FF7-831C-8E0E15C91F84}.Debug|x86.ActiveCfg = Debug|Win32
		{0E91DAE3-00BF-4FF7-831C-8E0E15C91F84}.Debug|x86.Build.0 = Debug|Win32
		{0E91DAE3-00BF-4FF7-831C-8E0E15C91F84}.Release|x64.ActiveCfg = Release|x64
		{0E91DAE3-00BF-4FF7-831C-8E0E15C91F84}.Release|x64.Build.0 = Release|x64
		{0E91DAE3-00BF-4FF7-831C-8E0E15C91F84}.Release|x86.ActiveCfg = Release|Win32
		{0E91DAE3-00BF-4FF7-831C-8E0E15C91F84}.Release|x86.Build.0 = Release|Win32
		{91667C3C-2396-42B6-827E-7E172A8C06A7}.Debug|x64.ActiveCfg = Debug|x64
		{91667C3C-2396-42B6-827E-7E172A8C06A7}.Debug|x64.Build.0 = Debug|x64
		{91667C3C-2396-42B6-827E-7E172A8C06A7}.Debug|x86.ActiveCfg = Debug|Win32
		{91667C3C-2396-42B6-827E-7E172A8C06A7}.Debug|x86.Build.0 = Debug|Win32
		{91667C3C-2396-42B6-827E-7E172A8C06A7}.Release|x64.ActiveCfg = Release|x64
		{91667C3C-2396-42B6-827E-7E172A8C06A7}.Release|x64.Build.0 = Release|x64
		{91667C3C-2396-42B6-827E-7E172A8C06A7}.Release|x86.ActiveCfg = Release|Win32
		{91667C3C-2396-42B6-827E-7E172A8C06A7}.Release|x86.Build.0 = Release|Win32
		{49A59BC6-EC1A-4E03-AF8D-A8E58F8FBE0A}.Debug|x64.ActiveCfg = Debug|x64
		{49A59BC6-EC1A-4E03-AF8D-A8E58F8FBE0A}.Debug|x64.Build.0 = Debug|x64
		{49A59BC6-EC1A-4E03-AF8D-A8E58F8FBE0A}.Debug|x86.ActiveCfg = Debug|Win32
		{49A59BC6-EC1A-4E03-AF8D-A8E58F8FBE0A}.Debug|x86.Build.0 = Debug|Win32
		{49A59BC6-EC1A-4E03-AF8D-A8E58F8FBE0A}.Release|x64.ActiveCfg = Release|x64
		{49A59BC6-EC1A-4E03-AF8D-A8E58F8FBE0A}.Release|x64.Build.0 = Release|x64
		{49A59BC6-EC1A-4E03-AF8D-A8E58F8FBE0A}.Release|x86.ActiveCfg = Release|Win32
		{49A59BC6-EC1A-4E03-AF8D-A8E58F8FBE0A}.Release|x86.Build.0 = Release|Win32
	EndGlobalSection
	GlobalSection(SolutionProperties) = preSolution
		HideSolutionNode = FALSE
	EndGlobalSection
	GlobalSection(ExtensibilityGlobals) = postSolution
		SolutionGuid = {DD64F569-94E1-4E9D-82A7-227989C27F6E}
	EndGlobalSection
EndGlobal
